// !$*UTF8*$!
{
	archiveVersion = 1;
	classes = {
	};
	objectVersion = 77;
	objects = {

/* Begin PBXBuildFile section */
		F41553E62F3FA2E200790612 /* Alamofire in Frameworks */ = {isa = PBXBuildFile; productRef = F41553E52F3FA2E200790612 /* Alamofire */; };
		F41553E92F3FA2F000790612 /* Factory in Frameworks */ = {isa = PBXBuildFile; productRef = F41553E82F3FA2F000790612 /* Factory */; };
		F41553FF2F3FB68400790612 /* Networking in Frameworks */ = {isa = PBXBuildFile; productRef = F41553FE2F3FB68400790612 /* Networking */; };
		F41554012F3FB68700790612 /* Config in Frameworks */ = {isa = PBXBuildFile; productRef = F41554002F3FB68700790612 /* Config */; };
		F41554062F3FC1F700790612 /* Entities in Frameworks */ = {isa = PBXBuildFile; productRef = F41554052F3FC1F700790612 /* Entities */; };
		F415540F2F3FD0C300790612 /* Components in Frameworks */ = {isa = PBXBuildFile; productRef = F415540E2F3FD0C300790612 /* Components */; };
		F41554112F3FD0C700790612 /* Interfaces in Frameworks */ = {isa = PBXBuildFile; productRef = F41554102F3FD0C700790612 /* Interfaces */; };
		F41554152F3FD0D000790612 /* Persistence in Frameworks */ = {isa = PBXBuildFile; productRef = F41554142F3FD0D000790612 /* Persistence */; };
		F41554172F3FD0D400790612 /* Search in Frameworks */ = {isa = PBXBuildFile; productRef = F41554162F3FD0D400790612 /* Search */; };
		F41554192F3FD0D900790612 /* Trends in Frameworks */ = {isa = PBXBuildFile; productRef = F41554182F3FD0D800790612 /* Trends */; };
		F415541B2F3FD0DD00790612 /* UseCases in Frameworks */ = {isa = PBXBuildFile; productRef = F415541A2F3FD0DD00790612 /* UseCases */; };
		F41554212F3FD17700790612 /* Data in Frameworks */ = {isa = PBXBuildFile; productRef = F41554202F3FD17700790612 /* Data */; };
		F41554242F3FD93000790612 /* Utilities in Frameworks */ = {isa = PBXBuildFile; productRef = F41554232F3FD93000790612 /* Utilities */; };
		F41554FF2F3FE72300790612 /* Demark in Frameworks */ = {isa = PBXBuildFile; productRef = F41554FE2F3FE72300790612 /* Demark */; };
		F41555022F3FF5D500790612 /* Nuke in Frameworks */ = {isa = PBXBuildFile; productRef = F41555012F3FF5D500790612 /* Nuke */; };
		F41555042F3FF5D500790612 /* NukeUI in Frameworks */ = {isa = PBXBuildFile; productRef = F41555032F3FF5D500790612 /* NukeUI */; };
/* End PBXBuildFile section */

/* Begin PBXFileReference section */
		F41553D62F3FA2A500790612 /* Posts.app */ = {isa = PBXFileReference; explicitFileType = wrapper.application; includeInIndex = 0; path = Posts.app; sourceTree = BUILT_PRODUCTS_DIR; };
/* End PBXFileReference section */

/* Begin PBXFileSystemSynchronizedBuildFileExceptionSet section */
		F41553EF2F3FA33500790612 /* Exceptions for "Modules" folder in "Posts" target */ = {
			isa = PBXFileSystemSynchronizedBuildFileExceptionSet;
			membershipExceptions = (
				Domain/Entities,
				Domain/Interfaces,
				Domain/UseCases,
				Features/Search,
				Features/Trends,
				Shared/Components,
				Shared/Config,
				Shared/Data,
				Shared/Files,
				Shared/Networking,
				Shared/Persistence,
				Shared/Utilities,
			);
			target = F41553D52F3FA2A500790612 /* Posts */;
		};
		F41554032F3FB9AB00790612 /* Exceptions for "Posts" folder in "Posts" target */ = {
			isa = PBXFileSystemSynchronizedBuildFileExceptionSet;
			membershipExceptions = (
				Info.plist,
			);
			target = F41553D52F3FA2A500790612 /* Posts */;
		};
/* End PBXFileSystemSynchronizedBuildFileExceptionSet section */

/* Begin PBXFileSystemSynchronizedRootGroup section */
		F41553D82F3FA2A500790612 /* Posts */ = {
			isa = PBXFileSystemSynchronizedRootGroup;
			exceptions = (
				F41554032F3FB9AB00790612 /* Exceptions for "Posts" folder in "Posts" target */,
			);
			path = Posts;
			sourceTree = "<group>";
		};
		F41553EA2F3FA2F900790612 /* Modules */ = {
			isa = PBXFileSystemSynchronizedRootGroup;
			exceptions = (
				F41553EF2F3FA33500790612 /* Exceptions for "Modules" folder in "Posts" target */,
			);
			path = Modules;
			sourceTree = "<group>";
		};
/* End PBXFileSystemSynchronizedRootGroup section */

/* Begin PBXFrameworksBuildPhase section */
		F41553D32F3FA2A500790612 /* Frameworks */ = {
			isa = PBXFrameworksBuildPhase;
			buildActionMask = 2147483647;
			files = (
				F41555022F3FF5D500790612 /* Nuke in Frameworks */,
				F415541B2F3FD0DD00790612 /* UseCases in Frameworks */,
				F41554172F3FD0D400790612 /* Search in Frameworks */,
				F41554012F3FB68700790612 /* Config in Frameworks */,
				F41553FF2F3FB68400790612 /* Networking in Frameworks */,
				F415540F2F3FD0C300790612 /* Components in Frameworks */,
				F41554212F3FD17700790612 /* Data in Frameworks */,
				F41553E62F3FA2E200790612 /* Alamofire in Frameworks */,
				F41554192F3FD0D900790612 /* Trends in Frameworks */,
				F41553E92F3FA2F000790612 /* Factory in Frameworks */,
				F41554FF2F3FE72300790612 /* Demark in Frameworks */,
				F41554152F3FD0D000790612 /* Persistence in Frameworks */,
				F41554112F3FD0C700790612 /* Interfaces in Frameworks */,
				F41554062F3FC1F700790612 /* Entities in Frameworks */,
				F41555042F3FF5D500790612 /* NukeUI in Frameworks */,
				F41554242F3FD93000790612 /* Utilities in Frameworks */,
			);
			runOnlyForDeploymentPostprocessing = 0;
		};
/* End PBXFrameworksBuildPhase section */

/* Begin PBXGroup section */
		F41553CD2F3FA2A500790612 = {
			isa = PBXGroup;
			children = (
				F41553D82F3FA2A500790612 /* Posts */,
				F41553EA2F3FA2F900790612 /* Modules */,
				F41553FD2F3FB68400790612 /* Frameworks */,
				F41553D72F3FA2A500790612 /* Products */,
			);
			sourceTree = "<group>";
		};
		F41553D72F3FA2A500790612 /* Products */ = {
			isa = PBXGroup;
			children = (
				F41553D62F3FA2A500790612 /* Posts.app */,
			);
			name = Products;
			sourceTree = "<group>";
		};
		F41553FD2F3FB68400790612 /* Frameworks */ = {
			isa = PBXGroup;
			children = (
			);
			name = Frameworks;
			sourceTree = "<group>";
		};
/* End PBXGroup section */

/* Begin PBXNativeTarget section */
		F41553D52F3FA2A500790612 /* Posts */ = {
			isa = PBXNativeTarget;
			buildConfigurationList = F41553E12F3FA2A700790612 /* Build configuration list for PBXNativeTarget "Posts" */;
			buildPhases = (
				F41553D22F3FA2A500790612 /* Sources */,
				F41553D32F3FA2A500790612 /* Frameworks */,
				F41553D42F3FA2A500790612 /* Resources */,
			);
			buildRules = (
			);
			dependencies = (
			);
			fileSystemSynchronizedGroups = (
				F41553D82F3FA2A500790612 /* Posts */,
				F41553EA2F3FA2F900790612 /* Modules */,
			);
			name = Posts;
			packageProductDependencies = (
				F41553E52F3FA2E200790612 /* Alamofire */,
				F41553E82F3FA2F000790612 /* Factory */,
				F41553FE2F3FB68400790612 /* Networking */,
				F41554002F3FB68700790612 /* Config */,
				F41554052F3FC1F700790612 /* Entities */,
				F415540E2F3FD0C300790612 /* Components */,
				F41554102F3FD0C700790612 /* Interfaces */,
				F41554142F3FD0D000790612 /* Persistence */,
				F41554162F3FD0D400790612 /* Search */,
				F41554182F3FD0D800790612 /* Trends */,
				F415541A2F3FD0DD00790612 /* UseCases */,
				F41554202F3FD17700790612 /* Data */,
				F41554232F3FD93000790612 /* Utilities */,
				F41554FE2F3FE72300790612 /* Demark */,
				F41555012F3FF5D500790612 /* Nuke */,
				F41555032F3FF5D500790612 /* NukeUI */,
			);
			productName = Posts;
			productReference = F41553D62F3FA2A500790612 /* Posts.app */;
			productType = "com.apple.product-type.application";
		};
/* End PBXNativeTarget section */

/* Begin PBXProject section */
		F41553CE2F3FA2A500790612 /* Project object */ = {
			isa = PBXProject;
			attributes = {
				BuildIndependentTargetsInParallel = 1;
				LastSwiftUpdateCheck = 2620;
				LastUpgradeCheck = 2620;
				TargetAttributes = {
					F41553D52F3FA2A500790612 = {
						CreatedOnToolsVersion = 26.2;
					};
				};
			};
			buildConfigurationList = F41553D12F3FA2A500790612 /* Build configuration list for PBXProject "Posts" */;
			developmentRegion = en;
			hasScannedForEncodings = 0;
			knownRegions = (
				en,
				Base,
			);
			mainGroup = F41553CD2F3FA2A500790612;
			minimizedProjectReferenceProxies = 1;
			packageReferences = (
				F41553E42F3FA2E200790612 /* XCRemoteSwiftPackageReference "Alamofire" */,
				F41553E72F3FA2F000790612 /* XCRemoteSwiftPackageReference "Factory" */,
				F41554FD2F3FE72300790612 /* XCRemoteSwiftPackageReference "Demark" */,
				F41555002F3FF5D500790612 /* XCRemoteSwiftPackageReference "Nuke" */,
			);
			preferredProjectObjectVersion = 77;
			productRefGroup = F41553D72F3FA2A500790612 /* Products */;
			projectDirPath = "";
			projectRoot = "";
			targets = (
				F41553D52F3FA2A500790612 /* Posts */,
			);
		};
/* End PBXProject section */

/* Begin PBXResourcesBuildPhase section */
		F41553D42F3FA2A500790612 /* Resources */ = {
			isa = PBXResourcesBuildPhase;
			buildActionMask = 2147483647;
			files = (
			);
			runOnlyForDeploymentPostprocessing = 0;
		};
/* End PBXResourcesBuildPhase section */

/* Begin PBXSourcesBuildPhase section */
		F41553D22F3FA2A500790612 /* Sources */ = {
			isa = PBXSourcesBuildPhase;
			buildActionMask = 2147483647;
			files = (
			);
			runOnlyForDeploymentPostprocessing = 0;
		};
/* End PBXSourcesBuildPhase section */

/* Begin XCBuildConfiguration section */
		F41553DF2F3FA2A700790612 /* Debug */ = {
			isa = XCBuildConfiguration;
			baseConfigurationReferenceAnchor = F41553D82F3FA2A500790612 /* Posts */;
			baseConfigurationReferenceRelativePath = Config.xcconfig;
			buildSettings = {
				ALWAYS_SEARCH_USER_PATHS = NO;
				ASSETCATALOG_COMPILER_GENERATE_SWIFT_ASSET_SYMBOL_EXTENSIONS = YES;
				CLANG_ANALYZER_NONNULL = YES;
				CLANG_ANALYZER_NUMBER_OBJECT_CONVERSION = YES_AGGRESSIVE;
				CLANG_CXX_LANGUAGE_STANDARD = "gnu++20";
				CLANG_ENABLE_MODULES = YES;
				CLANG_ENABLE_OBJC_ARC = YES;
				CLANG_ENABLE_OBJC_WEAK = YES;
				CLANG_WARN_BLOCK_CAPTURE_AUTORELEASING = YES;
				CLANG_WARN_BOOL_CONVERSION = YES;
				CLANG_WARN_COMMA = YES;
				CLANG_WARN_CONSTANT_CONVERSION = YES;
				CLANG_WARN_DEPRECATED_OBJC_IMPLEMENTATIONS = YES;
				CLANG_WARN_DIRECT_OBJC_ISA_USAGE = YES_ERROR;
				CLANG_WARN_DOCUMENTATION_COMMENTS = YES;
				CLANG_WARN_EMPTY_BODY = YES;
				CLANG_WARN_ENUM_CONVERSION = YES;
				CLANG_WARN_INFINITE_RECURSION = YES;
				CLANG_WARN_INT_CONVERSION = YES;
				CLANG_WARN_NON_LITERAL_NULL_CONVERSION = YES;
				CLANG_WARN_OBJC_IMPLICIT_RETAIN_SELF = YES;
				CLANG_WARN_OBJC_LITERAL_CONVERSION = YES;
				CLANG_WARN_OBJC_ROOT_CLASS = YES_ERROR;
				CLANG_WARN_QUOTED_INCLUDE_IN_FRAMEWORK_HEADER = YES;
				CLANG_WARN_RANGE_LOOP_ANALYSIS = YES;
				CLANG_WARN_STRICT_PROTOTYPES = YES;
				CLANG_WARN_SUSPICIOUS_MOVE = YES;
				CLANG_WARN_UNGUARDED_AVAILABILITY = YES_AGGRESSIVE;
				CLANG_WARN_UNREACHABLE_CODE = YES;
				CLANG_WARN__DUPLICATE_METHOD_MATCH = YES;
				COPY_PHASE_STRIP = NO;
				DEBUG_INFORMATION_FORMAT = dwarf;
				DEVELOPMENT_TEAM = BJBR5CVTQD;
				ENABLE_STRICT_OBJC_MSGSEND = YES;
				ENABLE_TESTABILITY = YES;
				ENABLE_USER_SCRIPT_SANDBOXING = YES;
				GCC_C_LANGUAGE_STANDARD = gnu17;
				GCC_DYNAMIC_NO_PIC = NO;
				GCC_NO_COMMON_BLOCKS = YES;
				GCC_OPTIMIZATION_LEVEL = 0;
				GCC_PREPROCESSOR_DEFINITIONS = (
					"DEBUG=1",
					"$(inherited)",
				);
				GCC_WARN_64_TO_32_BIT_CONVERSION = YES;
				GCC_WARN_ABOUT_RETURN_TYPE = YES_ERROR;
				GCC_WARN_UNDECLARED_SELECTOR = YES;
				GCC_WARN_UNINITIALIZED_AUTOS = YES_AGGRESSIVE;
				GCC_WARN_UNUSED_FUNCTION = YES;
				GCC_WARN_UNUSED_VARIABLE = YES;
				IPHONEOS_DEPLOYMENT_TARGET = 26.2;
				LOCALIZATION_PREFERS_STRING_CATALOGS = YES;
				MTL_ENABLE_DEBUG_INFO = INCLUDE_SOURCE;
				MTL_FAST_MATH = YES;
				ONLY_ACTIVE_ARCH = YES;
				SDKROOT = iphoneos;
				SWIFT_ACTIVE_COMPILATION_CONDITIONS = "DEBUG $(inherited)";
				SWIFT_OPTIMIZATION_LEVEL = "-Onone";
			};
			name = Debug;
		};
		F41553E02F3FA2A700790612 /* Release */ = {
			isa = XCBuildConfiguration;
			baseConfigurationReferenceAnchor = F41553D82F3FA2A500790612 /* Posts */;
			baseConfigurationReferenceRelativePath = Config.xcconfig;
			buildSettings = {
				ALWAYS_SEARCH_USER_PATHS = NO;
				ASSETCATALOG_COMPILER_GENERATE_SWIFT_ASSET_SYMBOL_EXTENSIONS = YES;
				CLANG_ANALYZER_NONNULL = YES;
				CLANG_ANALYZER_NUMBER_OBJECT_CONVERSION = YES_AGGRESSIVE;
				CLANG_CXX_LANGUAGE_STANDARD = "gnu++20";
				CLANG_ENABLE_MODULES = YES;
				CLANG_ENABLE_OBJC_ARC = YES;
				CLANG_ENABLE_OBJC_WEAK = YES;
				CLANG_WARN_BLOCK_CAPTURE_AUTORELEASING = YES;
				CLANG_WARN_BOOL_CONVERSION = YES;
				CLANG_WARN_COMMA = YES;
				CLANG_WARN_CONSTANT_CONVERSION = YES;
				CLANG_WARN_DEPRECATED_OBJC_IMPLEMENTATIONS = YES;
				CLANG_WARN_DIRECT_OBJC_ISA_USAGE = YES_ERROR;
				CLANG_WARN_DOCUMENTATION_COMMENTS = YES;
				CLANG_WARN_EMPTY_BODY = YES;
				CLANG_WARN_ENUM_CONVERSION = YES;
				CLANG_WARN_INFINITE_RECURSION = YES;
				CLANG_WARN_INT_CONVERSION = YES;
				CLANG_WARN_NON_LITERAL_NULL_CONVERSION = YES;
				CLANG_WARN_OBJC_IMPLICIT_RETAIN_SELF = YES;
				CLANG_WARN_OBJC_LITERAL_CONVERSION = YES;
				CLANG_WARN_OBJC_ROOT_CLASS = YES_ERROR;
				CLANG_WARN_QUOTED_INCLUDE_IN_FRAMEWORK_HEADER = YES;
				CLANG_WARN_RANGE_LOOP_ANALYSIS = YES;
				CLANG_WARN_STRICT_PROTOTYPES = YES;
				CLANG_WARN_SUSPICIOUS_MOVE = YES;
				CLANG_WARN_UNGUARDED_AVAILABILITY = YES_AGGRESSIVE;
				CLANG_WARN_UNREACHABLE_CODE = YES;
				CLANG_WARN__DUPLICATE_METHOD_MATCH = YES;
				COPY_PHASE_STRIP = NO;
				DEBUG_INFORMATION_FORMAT = "dwarf-with-dsym";
				DEVELOPMENT_TEAM = BJBR5CVTQD;
				ENABLE_NS_ASSERTIONS = NO;
				ENABLE_STRICT_OBJC_MSGSEND = YES;
				ENABLE_USER_SCRIPT_SANDBOXING = YES;
				GCC_C_LANGUAGE_STANDARD = gnu17;
				GCC_NO_COMMON_BLOCKS = YES;
				GCC_WARN_64_TO_32_BIT_CONVERSION = YES;
				GCC_WARN_ABOUT_RETURN_TYPE = YES_ERROR;
				GCC_WARN_UNDECLARED_SELECTOR = YES;
				GCC_WARN_UNINITIALIZED_AUTOS = YES_AGGRESSIVE;
				GCC_WARN_UNUSED_FUNCTION = YES;
				GCC_WARN_UNUSED_VARIABLE = YES;
				IPHONEOS_DEPLOYMENT_TARGET = 26.2;
				LOCALIZATION_PREFERS_STRING_CATALOGS = YES;
				MTL_ENABLE_DEBUG_INFO = NO;
				MTL_FAST_MATH = YES;
				SDKROOT = iphoneos;
				SWIFT_COMPILATION_MODE = wholemodule;
				VALIDATE_PRODUCT = YES;
			};
			name = Release;
		};
		F41553E22F3FA2A700790612 /* Debug */ = {
			isa = XCBuildConfiguration;
			baseConfigurationReferenceAnchor = F41553D82F3FA2A500790612 /* Posts */;
			baseConfigurationReferenceRelativePath = Config.xcconfig;
			buildSettings = {
				ASSETCATALOG_COMPILER_APPICON_NAME = AppIcon;
				ASSETCATALOG_COMPILER_GLOBAL_ACCENT_COLOR_NAME = AccentColor;
				CODE_SIGN_STYLE = Automatic;
				CURRENT_PROJECT_VERSION = 1;
				DEVELOPMENT_TEAM = BJBR5CVTQD;
				ENABLE_PREVIEWS = YES;
				GENERATE_INFOPLIST_FILE = YES;
				INFOPLIST_FILE = Posts/Info.plist;
				INFOPLIST_KEY_LSApplicationCategoryType = "public.app-category.social-networking";
				INFOPLIST_KEY_UIApplicationSceneManifest_Generation = YES;
				INFOPLIST_KEY_UIApplicationSupportsIndirectInputEvents = YES;
				INFOPLIST_KEY_UILaunchScreen_Generation = YES;
				INFOPLIST_KEY_UISupportedInterfaceOrientations = UIInterfaceOrientationPortrait;
				INFOPLIST_KEY_UISupportedInterfaceOrientations_iPad = "UIInterfaceOrientationLandscapeLeft UIInterfaceOrientationLandscapeRight UIInterfaceOrientationPortrait UIInterfaceOrientationPortraitUpsideDown";
				LD_RUNPATH_SEARCH_PATHS = (
					"$(inherited)",
					"@executable_path/Frameworks",
				);
				MARKETING_VERSION = 1.0;
				PRODUCT_BUNDLE_IDENTIFIER = com.projects.Posts;
				PRODUCT_NAME = "$(TARGET_NAME)";
				STRING_CATALOG_GENERATE_SYMBOLS = YES;
				SUPPORTED_PLATFORMS = "iphoneos iphonesimulator";
				SUPPORTS_MACCATALYST = NO;
				SUPPORTS_MAC_DESIGNED_FOR_IPHONE_IPAD = NO;
				SUPPORTS_XR_DESIGNED_FOR_IPHONE_IPAD = NO;
				SWIFT_APPROACHABLE_CONCURRENCY = YES;
				SWIFT_DEFAULT_ACTOR_ISOLATION = MainActor;
				SWIFT_EMIT_LOC_STRINGS = YES;
				SWIFT_UPCOMING_FEATURE_MEMBER_IMPORT_VISIBILITY = YES;
				SWIFT_VERSION = 5.0;
				TARGETED_DEVICE_FAMILY = 1;
			};
			name = Debug;
		};
		F41553E32F3FA2A700790612 /* Release */ = {
			isa = XCBuildConfiguration;
			baseConfigurationReferenceAnchor = F41553D82F3FA2A500790612 /* Posts */;
			baseConfigurationReferenceRelativePath = Config.xcconfig;
			buildSettings = {
				ASSETCATALOG_COMPILER_APPICON_NAME = AppIcon;
				ASSETCATALOG_COMPILER_GLOBAL_ACCENT_COLOR_NAME = AccentColor;
				CODE_SIGN_STYLE = Automatic;
				CURRENT_PROJECT_VERSION = 1;
				DEVELOPMENT_TEAM = BJBR5CVTQD;
				ENABLE_PREVIEWS = YES;
				GENERATE_INFOPLIST_FILE = YES;
				INFOPLIST_FILE = Posts/Info.plist;
				INFOPLIST_KEY_LSApplicationCategoryType = "public.app-category.social-networking";
				INFOPLIST_KEY_UIApplicationSceneManifest_Generation = YES;
				INFOPLIST_KEY_UIApplicationSupportsIndirectInputEvents = YES;
				INFOPLIST_KEY_UILaunchScreen_Generation = YES;
				INFOPLIST_KEY_UISupportedInterfaceOrientations = UIInterfaceOrientationPortrait;
				INFOPLIST_KEY_UISupportedInterfaceOrientations_iPad = "UIInterfaceOrientationLandscapeLeft UIInterfaceOrientationLandscapeRight UIInterfaceOrientationPortrait UIInterfaceOrientationPortraitUpsideDown";
				LD_RUNPATH_SEARCH_PATHS = (
					"$(inherited)",
					"@executable_path/Frameworks",
				);
				MARKETING_VERSION = 1.0;
				PRODUCT_BUNDLE_IDENTIFIER = com.projects.Posts;
				PRODUCT_NAME = "$(TARGET_NAME)";
				STRING_CATALOG_GENERATE_SYMBOLS = YES;
				SUPPORTED_PLATFORMS = "iphoneos iphonesimulator";
				SUPPORTS_MACCATALYST = NO;
				SUPPORTS_MAC_DESIGNED_FOR_IPHONE_IPAD = NO;
				SUPPORTS_XR_DESIGNED_FOR_IPHONE_IPAD = NO;
				SWIFT_APPROACHABLE_CONCURRENCY = YES;
				SWIFT_DEFAULT_ACTOR_ISOLATION = MainActor;
				SWIFT_EMIT_LOC_STRINGS = YES;
				SWIFT_UPCOMING_FEATURE_MEMBER_IMPORT_VISIBILITY = YES;
				SWIFT_VERSION = 5.0;
				TARGETED_DEVICE_FAMILY = 1;
			};
			name = Release;
		};
/* End XCBuildConfiguration section */

/* Begin XCConfigurationList section */
		F41553D12F3FA2A500790612 /* Build configuration list for PBXProject "Posts" */ = {
			isa = XCConfigurationList;
			buildConfigurations = (
				F41553DF2F3FA2A700790612 /* Debug */,
				F41553E02F3FA2A700790612 /* Release */,
			);
			defaultConfigurationIsVisible = 0;
			defaultConfigurationName = Release;
		};
		F41553E12F3FA2A700790612 /* Build configuration list for PBXNativeTarget "Posts" */ = {
			isa = XCConfigurationList;
			buildConfigurations = (
				F41553E22F3FA2A700790612 /* Debug */,
				F41553E32F3FA2A700790612 /* Release */,
			);
			defaultConfigurationIsVisible = 0;
			defaultConfigurationName = Release;
		};
/* End XCConfigurationList section */

/* Begin XCRemoteSwiftPackageReference section */
		F41553E42F3FA2E200790612 /* XCRemoteSwiftPackageReference "Alamofire" */ = {
			isa = XCRemoteSwiftPackageReference;
			repositoryURL = "https://github.com/Alamofire/Alamofire";
			requirement = {
				kind = exactVersion;
				version = 5.11.1;
			};
		};
		F41553E72F3FA2F000790612 /* XCRemoteSwiftPackageReference "Factory" */ = {
			isa = XCRemoteSwiftPackageReference;
			repositoryURL = "https://github.com/hmlongco/Factory";
			requirement = {
				kind = exactVersion;
				version = 2.5.3;
			};
		};
		F41554FD2F3FE72300790612 /* XCRemoteSwiftPackageReference "Demark" */ = {
			isa = XCRemoteSwiftPackageReference;
			repositoryURL = "https://github.com/steipete/Demark";
			requirement = {
				kind = exactVersion;
				version = 1.1.0;
			};
		};
		F41555002F3FF5D500790612 /* XCRemoteSwiftPackageReference "Nuke" */ = {
			isa = XCRemoteSwiftPackageReference;
			repositoryURL = "https://github.com/kean/Nuke";
			requirement = {
				kind = exactVersion;
				version = 12.8.0;
			};
		};
/* End XCRemoteSwiftPackageReference section */

/* Begin XCSwiftPackageProductDependency section */
		F41553E52F3FA2E200790612 /* Alamofire */ = {
			isa = XCSwiftPackageProductDependency;
			package = F41553E42F3FA2E200790612 /* XCRemoteSwiftPackageReference "Alamofire" */;
			productName = Alamofire;
		};
		F41553E82F3FA2F000790612 /* Factory */ = {
			isa = XCSwiftPackageProductDependency;
			package = F41553E72F3FA2F000790612 /* XCRemoteSwiftPackageReference "Factory" */;
			productName = Factory;
		};
		F41553FE2F3FB68400790612 /* Networking */ = {
			isa = XCSwiftPackageProductDependency;
			productName = Networking;
		};
		F41554002F3FB68700790612 /* Config */ = {
			isa = XCSwiftPackageProductDependency;
			productName = Config;
		};
		F41554052F3FC1F700790612 /* Entities */ = {
			isa = XCSwiftPackageProductDependency;
			productName = Entities;
		};
		F415540E2F3FD0C300790612 /* Components */ = {
			isa = XCSwiftPackageProductDependency;
			productName = Components;
		};
		F41554102F3FD0C700790612 /* Interfaces */ = {
			isa = XCSwiftPackageProductDependency;
			productName = Interfaces;
		};
		F41554142F3FD0D000790612 /* Persistence */ = {
			isa = XCSwiftPackageProductDependency;
			productName = Persistence;
		};
		F41554162F3FD0D400790612 /* Search */ = {
			isa = XCSwiftPackageProductDependency;
			productName = Search;
		};
		F41554182F3FD0D800790612 /* Trends */ = {
			isa = XCSwiftPackageProductDependency;
			productName = Trends;
		};
		F415541A2F3FD0DD00790612 /* UseCases */ = {
			isa = XCSwiftPackageProductDependency;
			productName = UseCases;
		};
		F41554202F3FD17700790612 /* Data */ = {
			isa = XCSwiftPackageProductDependency;
			productName = Data;
		};
		F41554232F3FD93000790612 /* Utilities */ = {
			isa = XCSwiftPackageProductDependency;
			productName = Utilities;
		};
		F41554FE2F3FE72300790612 /* Demark */ = {
			isa = XCSwiftPackageProductDependency;
			package = F41554FD2F3FE72300790612 /* XCRemoteSwiftPackageReference "Demark" */;
			productName = Demark;
		};
		F41555012F3FF5D500790612 /* Nuke */ = {
			isa = XCSwiftPackageProductDependency;
			package = F41555002F3FF5D500790612 /* XCRemoteSwiftPackageReference "Nuke" */;
			productName = Nuke;
		};
		F41555032F3FF5D500790612 /* NukeUI */ = {
			isa = XCSwiftPackageProductDependency;
			package = F41555002F3FF5D500790612 /* XCRemoteSwiftPackageReference "Nuke" */;
			productName = NukeUI;
		};
/* End XCSwiftPackageProductDependency section */
	};
	rootObject = F41553CE2F3FA2A500790612 /* Project object */;
}
